
Microsoft Visual Studio Solution File, Format Version 12.00
# Visual Studio 15
VisualStudioVersion = 15.0.27703.2000
MinimumVisualStudioVersion = 10.0.40219.1
Project("{8BC9CEB8-8B4A-11D0-8D11-00A0C91BC942}") = "numberBW", "numberBW.vcxproj", "{EA181F3C-8A70-4F6B-930A-CEC8F68F9BBD}"
EndProject
Global
	GlobalSection(SolutionConfigurationPlatforms) = preSolution
		Debug|Win32 = Debug|Win32
		Release|Win32 = Release|Win32
	EndGlobalSection
	GlobalSection(ProjectConfigurationPlatforms) = postSolution
		{EA181F3C-8A70-4F6B-930A-CEC8F68F9BBD}.Debug|Win32.ActiveCfg = Debug|Win32
		{EA181F3C-8A70-4F6B-930A-CEC8F68F9BBD}.Debug|Win32.Build.0 = Debug|Win32
		{EA181F3C-8A70-4F6B-930A-CEC8F68F9BBD}.Release|Win32.ActiveCfg = Release|Win32
		{EA181F3C-8A70-4F6B-930A-CEC8F68F9BBD}.Release|Win32.Build.0 = Release|Win32
	EndGlobalSection
	GlobalSection(SolutionProperties) = preSolution
		HideSolutionNode = FALSE
	EndGlobalSection
	GlobalSection(ExtensibilityGlobals) = postSolution
		SolutionGuid = {C6980B96-4811-4F95-9C9D-76E9501C6201}
	EndGlobalSection
EndGlobal
